hash: 0bb679e76898a5f0085968b7694b64d40b68abce3b1ffe3974269dce6dd1429a
updated: 2019-02-22T10:59:57.165911901+01:00
imports:
- name: github.com/aws/aws-sdk-go
  version: 416a7057457ed9af569ea3682f7319ec3466044d
  subpackages:
  - aws
  - aws/awserr
  - aws/awsutil
  - aws/client
  - aws/client/metadata
  - aws/corehandlers
  - aws/credentials
  - aws/credentials/ec2rolecreds
  - aws/credentials/endpointcreds
  - aws/credentials/processcreds
  - aws/credentials/stscreds
  - aws/crr
  - aws/csm
  - aws/defaults
  - aws/ec2metadata
  - aws/endpoints
  - aws/request
  - aws/session
  - aws/signer/v4
  - internal/ini
  - internal/s3err
  - internal/sdkio
  - internal/sdkrand
  - internal/sdkuri
  - internal/shareddefaults
  - private/protocol
  - private/protocol/ec2query
  - private/protocol/eventstream
  - private/protocol/eventstream/eventstreamapi
  - private/protocol/json/jsonutil
  - private/protocol/jsonrpc
  - private/protocol/query
  - private/protocol/query/queryutil
  - private/protocol/rest
  - private/protocol/restjson
  - private/protocol/restxml
  - private/protocol/xml/xmlutil
  - private/signer/v2
  - service/acm
  - service/acmpca
  - service/apigateway
  - service/appstream
  - service/autoscaling
  - service/autoscalingplans
  - service/batch
  - service/cloud9
  - service/clouddirectory
  - service/cloudformation
  - service/cloudfront
  - service/cloudhsmv2
  - service/cloudsearch
  - service/cloudtrail
  - service/cloudwatch
  - service/cloudwatchevents
  - service/cloudwatchlogs
  - service/codebuild
  - service/codecommit
  - service/codedeploy
  - service/codepipeline
  - service/codestar
  - service/cognitoidentity
  - service/cognitoidentityprovider
  - service/configservice
  - service/databasemigrationservice
  - service/datapipeline
  - service/dax
  - service/devicefarm
  - service/directoryservice
  - service/dynamodb
  - service/ec2
  - service/ecr
  - service/ecs
  - service/efs
  - service/eks
  - service/elasticache
  - service/elasticbeanstalk
  - service/elasticsearchservice
  - service/elastictranscoder
  - service/elb
  - service/elbv2
  - service/emr
  - service/firehose
  - service/fsx
  - service/glue
  - service/iam
  - service/iot
  - service/kinesis
  - service/kinesisanalytics
  - service/kinesisvideo
  - service/kms
  - service/lambda
  - service/lightsail
  - service/machinelearning
  - service/mediaconvert
  - service/medialive
  - service/mediapackage
  - service/mediastore
  - service/mediastoredata
  - service/mediatailor
  - service/mobile
  - service/mq
  - service/neptune
  - service/opsworks
  - service/opsworkscm
  - service/rds
  - service/redshift
  - service/rekognition
  - service/resourcegroups
  - service/route53
  - service/s3
  - service/s3/s3iface
  - service/s3/s3manager
  - service/sagemaker
  - service/secretsmanager
  - service/servicecatalog
  - service/servicediscovery
  - service/ses
  - service/sfn
  - service/simpledb
  - service/sns
  - service/sqs
  - service/ssm
  - service/storagegateway
  - service/sts
  - service/waf
  - service/wafregional
  - service/workspaces
- name: github.com/fatih/color
  version: 5b77d2a35fb0ede96d138fc9a99f5c9b6aef11b4
- name: github.com/inconshreveable/mousetrap
  version: 76626ae9c91c4f2a10f34cad8ce83ea42c93bb75
- name: github.com/jmespath/go-jmespath
  version: bd40a432e4c76585ef6b72d3fd96fb9b6dc7b68d
- name: github.com/konsorten/go-windows-terminal-sequences
  version: 5c8c8bd35d3832f5d134ae1e1e375b69a4d25242
- name: github.com/mattn/go-colorable
  version: 5411d3eea5978e6cdc258b30de592b60df6aba96
- name: github.com/mattn/go-isatty
  version: 57fdcb988a5c543893cc61bce354a6e24ab70022
- name: github.com/mb0/glob
  version: 1eb79d2de6c448664e7272f8b9fe1938239e3aaa
- name: github.com/sirupsen/logrus
  version: e1e72e9de974bd926e5c56f83753fba2df402ce5
- name: github.com/spf13/cobra
  version: 35136c09d8da66b901337c6e86fd8e88a1a255bd
- name: github.com/spf13/pflag
  version: 5ccb023bc27df288a957c5e994cd44fd19619465
- name: golang.org/x/crypto
  version: 81e90905daefcd6fd217b62423c0908922eadb30
  subpackages:
  - ssh/terminal
- name: golang.org/x/net
  version: 1c05540f6879653db88113bc4a2b70aec4bd491f
  subpackages:
  - context
- name: golang.org/x/sync
  version: 1d60e4601c6fd243af51cc01ddf169918a5407ca
  subpackages:
  - semaphore
- name: golang.org/x/sys
  version: 8f0908ab3b2457e2e15403d3697c9ef5cb4b57a9
  subpackages:
  - unix
  - windows
- name: gopkg.in/yaml.v2
  version: 51d6538a90f86fe93ac480b35f37b2be17fef232
testImports: []
